// !$*UTF8*$!
{
	archiveVersion = 1;
	classes = {
	};
	objectVersion = 46;
	objects = {

/* Begin PBXBuildFile section */
		557392C81B1C81A500D33AF8 /* main.m in Sources */ = {isa = PBXBuildFile; fileRef = 557392C71B1C81A500D33AF8 /* main.m */; };
		557392CB1B1C81A500D33AF8 /* AppDelegate.m in Sources */ = {isa = PBXBuildFile; fileRef = 557392CA1B1C81A500D33AF8 /* AppDelegate.m */; };
		557392CE1B1C81A500D33AF8 /* ViewController.m in Sources */ = {isa = PBXBuildFile; fileRef = 557392CD1B1C81A500D33AF8 /* ViewController.m */; };
		557392D11B1C81A500D33AF8 /* Main.storyboard in Resources */ = {isa = PBXBuildFile; fileRef = 557392CF1B1C81A500D33AF8 /* Main.storyboard */; };
		557392D31B1C81A500D33AF8 /* Images.xcassets in Resources */ = {isa = PBXBuildFile; fileRef = 557392D21B1C81A500D33AF8 /* Images.xcassets */; };
		557392D61B1C81A500D33AF8 /* LaunchScreen.xib in Resources */ = {isa = PBXBuildFile; fileRef = 557392D41B1C81A500D33AF8 /* LaunchScreen.xib */; };
		557392E21B1C81A500D33AF8 /* TestDemoTests.m in Sources */ = {isa = PBXBuildFile; fileRef = 557392E11B1C81A500D33AF8 /* TestDemoTests.m */; };
/* End PBXBuildFile section */

/* Begin PBXContainerItemProxy section */
		557392DC1B1C81A500D33AF8 /* PBXContainerItemProxy */ = {
			isa = PBXContainerItemProxy;
			containerPortal = 557392BA1B1C81A500D33AF8 /* Project object */;
			proxyType = 1;
			remoteGlobalIDString = 557392C11B1C81A500D33AF8;
			remoteInfo = TestDemo;
		};
/* End PBXContainerItemProxy section */

/* Begin PBXFileReference section */
		557392C21B1C81A500D33AF8 /* TestDemo.app */ = {isa = PBXFileReference; explicitFileType = wrapper.application; includeInIndex = 0; path = TestDemo.app; sourceTree = BUILT_PRODUCTS_DIR; };
		557392C61B1C81A500D33AF8 /* Info.plist */ = {isa = PBXFileReference; lastKnownFileType = text.plist.xml; path = Info.plist; sourceTree = "<group>"; };
		557392C71B1C81A500D33AF8 /* main.m */ = {isa = PBXFileReference; lastKnownFileType = sourcecode.c.objc; path = main.m; sourceTree = "<group>"; };
		557392C91B1C81A500D33AF8 /* AppDelegate.h */ = {isa = PBXFileReference; lastKnownFileType = sourcecode.c.h; path = AppDelegate.h; sourceTree = "<group>"; };
		557392CA1B1C81A500D33AF8 /* AppDelegate.m */ = {isa = PBXFileReference; lastKnownFileType = sourcecode.c.objc; path = AppDelegate.m; sourceTree = "<group>"; };
		557392CC1B1C81A500D33AF8 /* ViewController.h */ = {isa = PBXFileReference; lastKnownFileType = sourcecode.c.h; path = ViewController.h; sourceTree = "<group>"; };
		557392CD1B1C81A500D33AF8 /* ViewController.m */ = {isa = PBXFileReference; lastKnownFileType = sourcecode.c.objc; path = ViewController.m; sourceTree = "<group>"; };
		557392D01B1C81A500D33AF8 /* Base */ = {isa = PBXFileReference; lastKnownFileType = file.storyboard; name = Base; path = Base.lproj/Main.storyboard; sourceTree = "<group>"; };
		557392D21B1C81A500D33AF8 /* Images.xcassets */ = {isa = PBXFileReference; lastKnownFileType = folder.assetcatalog; path = Images.xcassets; sourceTree = "<group>"; };
		557392D51B1C81A500D33AF8 /* Base */ = {isa = PBXFileReference; lastKnownFileType = file.xib; name = Base; path = Base.lproj/LaunchScreen.xib; sourceTree = "<group>"; };
		557392DB1B1C81A500D33AF8 /* TestDemoTests.xctest */ = {isa = PBXFileReference; explicitFileType = wrapper.cfbundle; includeInIndex = 0; path = TestDemoTests.xctest; sourceTree = BUILT_PRODUCTS_DIR; };
		557392E01B1C81A500D33AF8 /* Info.plist */ = {isa = PBXFileReference; lastKnownFileType = text.plist.xml; path = Info.plist; sourceTree = "<group>"; };
		557392E11B1C81A500D33AF8 /* TestDemoTests.m */ = {isa = PBXFileReference; lastKnownFileType = sourcecode.c.objc; path = TestDemoTests.m; sourceTree = "<group>"; };
/* End PBXFileReference section */

/* Begin PBXFrameworksBuildPhase section */
		557392BF1B1C81A500D33AF8 /* Frameworks */ = {
			isa = PBXFrameworksBuildPhase;
			buildActionMask = 2147483647;
			files = (
			);
			runOnlyForDeploymentPostprocessing = 0;
		};
		557392D81B1C81A500D33AF8 /* Frameworks */ = {
			isa = PBXFrameworksBuildPhase;
			buildActionMask = 2147483647;
			files = (
			);
			runOnlyForDeploymentPostprocessing = 0;
		};
/* End PBXFrameworksBuildPhase section */

/* Begin PBXGroup section */
		557392B91B1C81A500D33AF8 = {
			isa = PBXGroup;
			children = (
				557392C41B1C81A500D33AF8 /* TestDemo */,
				557392DE1B1C81A500D33AF8 /* TestDemoTests */,
				557392C31B1C81A500D33AF8 /* Products */,
			);
			sourceTree = "<group>";
		};
		557392C31B1C81A500D33AF8 /* Products */ = {
			isa = PBXGroup;
			children = (
				557392C21B1C81A500D33AF8 /* TestDemo.app */,
				557392DB1B1C81A500D33AF8 /* TestDemoTests.xctest */,
			);
			name = Products;
			sourceTree = "<group>";
		};
		557392C41B1C81A500D33AF8 /* TestDemo */ = {
			isa = PBXGroup;
			children = (
				557392C91B1C81A500D33AF8 /* AppDelegate.h */,
				557392CA1B1C81A500D33AF8 /* AppDelegate.m */,
				557392CC1B1C81A500D33AF8 /* ViewController.h */,
				557392CD1B1C81A500D33AF8 /* ViewController.m */,
				557392CF1B1C81A500D33AF8 /* Main.storyboard */,
				557392D21B1C81A500D33AF8 /* Images.xcassets */,
				557392D41B1C81A500D33AF8 /* LaunchScreen.xib */,
				557392C51B1C81A500D33AF8 /* Supporting Files */,
			);
			path = TestDemo;
			sourceTree = "<group>";
		};
		557392C51B1C81A500D33AF8 /* Supporting Files */ = {
			isa = PBXGroup;
			children = (
				557392C61B1C81A500D33AF8 /* Info.plist */,
				557392C71B1C81A500D33AF8 /* main.m */,
			);
			name = "Supporting Files";
			sourceTree = "<group>";
		};
		557392DE1B1C81A500D33AF8 /* TestDemoTests */ = {
			isa = PBXGroup;
			children = (
				557392E11B1C81A500D33AF8 /* TestDemoTests.m */,
				557392DF1B1C81A500D33AF8 /* Supporting Files */,
			);
			path = TestDemoTests;
			sourceTree = "<group>";
		};
		557392DF1B1C81A500D33AF8 /* Supporting Files */ = {
			isa = PBXGroup;
			children = (
				557392E01B1C81A500D33AF8 /* Info.plist */,
			);
			name = "Supporting Files";
			sourceTree = "<group>";
		};
/* End PBXGroup section */

/* Begin PBXNativeTarget section */
		557392C11B1C81A500D33AF8 /* TestDemo */ = {
			isa = PBXNativeTarget;
			buildConfigurationList = 557392E51B1C81A500D33AF8 /* Build configuration list for PBXNativeTarget "TestDemo" */;
			buildPhases = (
				557392BE1B1C81A500D33AF8 /* Sources */,
				557392BF1B1C81A500D33AF8 /* Frameworks */,
				557392C01B1C81A500D33AF8 /* Resources */,
			);
			buildRules = (
			);
			dependencies = (
			);
			name = TestDemo;
			productName = TestDemo;
			productReference = 557392C21B1C81A500D33AF8 /* TestDemo.app */;
			productType = "com.apple.product-type.application";
		};
		557392DA1B1C81A500D33AF8 /* TestDemoTests */ = {
			isa = PBXNativeTarget;
			buildConfigurationList = 557392E81B1C81A500D33AF8 /* Build configuration list for PBXNativeTarget "TestDemoTests" */;
			buildPhases = (
				557392D71B1C81A500D33AF8 /* Sources */,
				557392D81B1C81A500D33AF8 /* Frameworks */,
				557392D91B1C81A500D33AF8 /* Resources */,
			);
			buildRules = (
			);
			dependencies = (
				557392DD1B1C81A500D33AF8 /* PBXTargetDependency */,
			);
			name = TestDemoTests;
			productName = TestDemoTests;
			productReference = 557392DB1B1C81A500D33AF8 /* TestDemoTests.xctest */;
			productType = "com.apple.product-type.bundle.unit-test";
		};
/* End PBXNativeTarget section */

/* Begin PBXProject section */
		557392BA1B1C81A500D33AF8 /* Project object */ = {
			isa = PBXProject;
			attributes = {
				LastUpgradeCheck = 0630;
				ORGANIZATIONNAME = silverk;
				TargetAttributes = {
					557392C11B1C81A500D33AF8 = {
						CreatedOnToolsVersion = 6.3.2;
					};
					557392DA1B1C81A500D33AF8 = {
						CreatedOnToolsVersion = 6.3.2;
						TestTargetID = 557392C11B1C81A500D33AF8;
					};
				};
			};
			buildConfigurationList = 557392BD1B1C81A500D33AF8 /* Build configuration list for PBXProject "TestDemo" */;
			compatibilityVersion = "Xcode 3.2";
			developmentRegion = English;
			hasScannedForEncodings = 0;
			knownRegions = (
				en,
				Base,
			);
			mainGroup = 557392B91B1C81A500D33AF8;
			productRefGroup = 557392C31B1C81A500D33AF8 /* Products */;
			projectDirPath = "";
			projectRoot = "";
			targets = (
				557392C11B1C81A500D33AF8 /* TestDemo */,
				557392DA1B1C81A500D33AF8 /* TestDemoTests */,
			);
		};
/* End PBXProject section */

/* Begin PBXResourcesBuildPhase section */
		557392C01B1C81A500D33AF8 /* Resources */ = {
			isa = PBXResourcesBuildPhase;
			buildActionMask = 2147483647;
			files = (
				557392D11B1C81A500D33AF8 /* Main.storyboard in Resources */,
				557392D61B1C81A500D33AF8 /* LaunchScreen.xib in Resources */,
				557392D31B1C81A500D33AF8 /* Images.xcassets in Resources */,
			);
			runOnlyForDeploymentPostprocessing = 0;
		};
		557392D91B1C81A500D33AF8 /* Resources */ = {
			isa = PBXResourcesBuildPhase;
			buildActionMask = 2147483647;
			files = (
			);
			runOnlyForDeploymentPostprocessing = 0;
		};
/* End PBXResourcesBuildPhase section */

/* Begin PBXSourcesBuildPhase section */
		557392BE1B1C81A500D33AF8 /* Sources */ = {
			isa = PBXSourcesBuildPhase;
			buildActionMask = 2147483647;
			files = (
				557392CE1B1C81A500D33AF8 /* ViewController.m in Sources */,
				557392CB1B1C81A500D33AF8 /* AppDelegate.m in Sources */,
				557392C81B1C81A500D33AF8 /* main.m in Sources */,
			);
			runOnlyForDeploymentPostprocessing = 0;
		};
		557392D71B1C81A500D33AF8 /* Sources */ = {
			isa = PBXSourcesBuildPhase;
			buildActionMask = 2147483647;
			files = (
				557392E21B1C81A500D33AF8 /* TestDemoTests.m in Sources */,
			);
			runOnlyForDeploymentPostprocessing = 0;
		};
/* End PBXSourcesBuildPhase section */

/* Begin PBXTargetDependency section */
		557392DD1B1C81A500D33AF8 /* PBXTargetDependency */ = {
			isa = PBXTargetDependency;
			target = 557392C11B1C81A500D33AF8 /* TestDemo */;
			targetProxy = 557392DC1B1C81A500D33AF8 /* PBXContainerItemProxy */;
		};
/* End PBXTargetDependency section */

/* Begin PBXVariantGroup section */
		557392CF1B1C81A500D33AF8 /* Main.storyboard */ = {
			isa = PBXVariantGroup;
			children = (
				557392D01B1C81A500D33AF8 /* Base */,
			);
			name = Main.storyboard;
			sourceTree = "<group>";
		};
		557392D41B1C81A500D33AF8 /* LaunchScreen.xib */ = {
			isa = PBXVariantGroup;
			children = (
				557392D51B1C81A500D33AF8 /* Base */,
			);
			name = LaunchScreen.xib;
			sourceTree = "<group>";
		};
/* End PBXVariantGroup section */

/* Begin XCBuildConfiguration section */
		557392E31B1C81A500D33AF8 /* Debug */ = {
			isa = XCBuildConfiguration;
			buildSettings = {
				ALWAYS_SEARCH_USER_PATHS = NO;
				CLANG_CXX_LANGUAGE_STANDARD = "gnu++0x";
				CLANG_CXX_LIBRARY = "libc++";
				CLANG_ENABLE_MODULES = YES;
				CLANG_ENABLE_OBJC_ARC = YES;
				CLANG_WARN_BOOL_CONVERSION = YES;
				CLANG_WARN_CONSTANT_CONVERSION = YES;
				CLANG_WARN_DIRECT_OBJC_ISA_USAGE = YES_ERROR;
				CLANG_WARN_EMPTY_BODY = YES;
				CLANG_WARN_ENUM_CONVERSION = YES;
				CLANG_WARN_INT_CONVERSION = YES;
				CLANG_WARN_OBJC_ROOT_CLASS = YES_ERROR;
				CLANG_WARN_UNREACHABLE_CODE = YES;
				CLANG_WARN__DUPLICATE_METHOD_MATCH = YES;
				"CODE_SIGN_IDENTITY[sdk=iphoneos*]" = "iPhone Developer";
				COPY_PHASE_STRIP = NO;
				DEBUG_INFORMATION_FORMAT = "dwarf-with-dsym";
				ENABLE_STRICT_OBJC_MSGSEND = YES;
				GCC_C_LANGUAGE_STANDARD = gnu99;
				GCC_DYNAMIC_NO_PIC = NO;
				GCC_NO_COMMON_BLOCKS = YES;
				GCC_OPTIMIZATION_LEVEL = 0;
				GCC_PREPROCESSOR_DEFINITIONS = (
					"DEBUG=1",
					"$(inherited)",
				);
				GCC_SYMBOLS_PRIVATE_EXTERN = NO;
				GCC_WARN_64_TO_32_BIT_CONVERSION = YES;
				GCC_WARN_ABOUT_RETURN_TYPE = YES_ERROR;
				GCC_WARN_UNDECLARED_SELECTOR = YES;
				GCC_WARN_UNINITIALIZED_AUTOS = YES_AGGRESSIVE;
				GCC_WARN_UNUSED_FUNCTION = YES;
				GCC_WARN_UNUSED_VARIABLE = YES;
				IPHONEOS_DEPLOYMENT_TARGET = 8.3;
				MTL_ENABLE_DEBUG_INFO = YES;
				ONLY_ACTIVE_ARCH = YES;
				SDKROOT = iphoneos;
			};
			name = Debug;
		};
		557392E41B1C81A500D33AF8 /* Release */ = {
			isa = XCBuildConfiguration;
			buildSettings = {
				ALWAYS_SEARCH_USER_PATHS = NO;
				CLANG_CXX_LANGUAGE_STANDARD = "gnu++0x";
				CLANG_CXX_LIBRARY = "libc++";
				CLANG_ENABLE_MODULES = YES;
				CLANG_ENABLE_OBJC_ARC = YES;
				CLANG_WARN_BOOL_CONVERSION = YES;
				CLANG_WARN_CONSTANT_CONVERSION = YES;
				CLANG_WARN_DIRECT_OBJC_ISA_USAGE = YES_ERROR;
				CLANG_WARN_EMPTY_BODY = YES;
				CLANG_WARN_ENUM_CONVERSION = YES;
				CLANG_WARN_INT_CONVERSION = YES;
				CLANG_WARN_OBJC_ROOT_CLASS = YES_ERROR;
				CLANG_WARN_UNREACHABLE_CODE = YES;
				CLANG_WARN__DUPLICATE_METHOD_MATCH = YES;
				"CODE_SIGN_IDENTITY[sdk=iphoneos*]" = "iPhone Developer";
				COPY_PHASE_STRIP = NO;
				DEBUG_INFORMATION_FORMAT = "dwarf-with-dsym";
				ENABLE_NS_ASSERTIONS = NO;
				ENABLE_STRICT_OBJC_MSGSEND = YES;
				GCC_C_LANGUAGE_STANDARD = gnu99;
				GCC_NO_COMMON_BLOCKS = YES;
				GCC_WARN_64_TO_32_BIT_CONVERSION = YES;
				GCC_WARN_ABOUT_RETURN_TYPE = YES_ERROR;
				GCC_WARN_UNDECLARED_SELECTOR = YES;
				GCC_WARN_UNINITIALIZED_AUTOS = YES_AGGRESSIVE;
				GCC_WARN_UNUSED_FUNCTION = YES;
				GCC_WARN_UNUSED_VARIABLE = YES;
				IPHONEOS_DEPLOYMENT_TARGET = 8.3;
				MTL_ENABLE_DEBUG_INFO = NO;
				SDKROOT = iphoneos;
				VALIDATE_PRODUCT = YES;
			};
			name = Release;
		};
		557392E61B1C81A500D33AF8 /* Debug */ = {
			isa = XCBuildConfiguration;
			buildSettings = {
				ASSETCATALOG_COMPILER_APPICON_NAME = AppIcon;
				INFOPLIST_FILE = TestDemo/Info.plist;
				LD_RUNPATH_SEARCH_PATHS = "$(inherited) @executable_path/Frameworks";
				PRODUCT_NAME = "$(TARGET_NAME)";
			};
			name = Debug;
		};
		557392E71B1C81A500D33AF8 /* Release */ = {
			isa = XCBuildConfiguration;
			buildSettings = {
				ASSETCATALOG_COMPILER_APPICON_NAME = AppIcon;
				INFOPLIST_FILE = TestDemo/Info.plist;
				LD_RUNPATH_SEARCH_PATHS = "$(inherited) @executable_path/Frameworks";
				PRODUCT_NAME = "$(TARGET_NAME)";
			};
			name = Release;
		};
		557392E91B1C81A500D33AF8 /* Debug */ = {
			isa = XCBuildConfiguration;
			buildSettings = {
				BUNDLE_LOADER = "$(TEST_HOST)";
				FRAMEWORK_SEARCH_PATHS = (
					"$(SDKROOT)/Developer/Library/Frameworks",
					"$(inherited)",
				);
				GCC_PREPROCESSOR_DEFINITIONS = (
					"DEBUG=1",
					"$(inherited)",
				);
				INFOPLIST_FILE = TestDemoTests/Info.plist;
				LD_RUNPATH_SEARCH_PATHS = "$(inherited) @executable_path/Frameworks @loader_path/Frameworks";
				PRODUCT_NAME = "$(TARGET_NAME)";
				TEST_HOST = "$(BUILT_PRODUCTS_DIR)/TestDemo.app/TestDemo";
			};
			name = Debug;
		};
		557392EA1B1C81A500D33AF8 /* Release */ = {
			isa = XCBuildConfiguration;
			buildSettings = {
				BUNDLE_LOADER = "$(TEST_HOST)";
				FRAMEWORK_SEARCH_PATHS = (
					"$(SDKROOT)/Developer/Library/Frameworks",
					"$(inherited)",
				);
				INFOPLIST_FILE = TestDemoTests/Info.plist;
				LD_RUNPATH_SEARCH_PATHS = "$(inherited) @executable_path/Frameworks @loader_path/Frameworks";
				PRODUCT_NAME = "$(TARGET_NAME)";
				TEST_HOST = "$(BUILT_PRODUCTS_DIR)/TestDemo.app/TestDemo";
			};
			name = Release;
		};
/* End XCBuildConfiguration section */

/* Begin XCConfigurationList section */
		557392BD1B1C81A500D33AF8 /* Build configuration list for PBXProject "TestDemo" */ = {
			isa = XCConfigurationList;
			buildConfigurations = (
				557392E31B1C81A500D33AF8 /* Debug */,
				557392E41B1C81A500D33AF8 /* Release */,
			);
			defaultConfigurationIsVisible = 0;
			defaultConfigurationName = Release;
		};
		557392E51B1C81A500D33AF8 /* Build configuration list for PBXNativeTarget "TestDemo" */ = {
			isa = XCConfigurationList;
			buildConfigurations = (
				557392E61B1C81A500D33AF8 /* Debug */,
				557392E71B1C81A500D33AF8 /* Release */,
			);
			defaultConfigurationIsVisible = 0;
		};
		557392E81B1C81A500D33AF8 /* Build configuration list for PBXNativeTarget "TestDemoTests" */ = {
			isa = XCConfigurationList;
			buildConfigurations = (
				557392E91B1C81A500D33AF8 /* Debug */,
				557392EA1B1C81A500D33AF8 /* Release */,
			);
			defaultConfigurationIsVisible = 0;
		};
/* End XCConfigurationList section */
	};
	rootObject = 557392BA1B1C81A500D33AF8 /* Project object */;
}
